
Microsoft Visual Studio Solution File, Format Version 12.00
# Visual Studio Version 16
VisualStudioVersion = 16.0.30907.101
MinimumVisualStudioVersion = 10.0.40219.1
Project("{FAE04EC0-301F-11D3-BF4B-00C04F79EFBC}") = "EnginDemirogOyunProjesi", "EnginDemirogOyunProjesi\EnginDemirogOyunProjesi.csproj", "{D6F7F782-FB4B-4B8D-8BDD-444972F71006}"
EndProject
Global
	GlobalSection(SolutionConfigurationPlatforms) = preSolution
		Debug|Any CPU = Debug|Any CPU
		Release|Any CPU = Release|Any CPU
	EndGlobalSection
	GlobalSection(ProjectConfigurationPlatforms) = postSolution
		{D6F7F782-FB4B-4B8D-8BDD-444972F71006}.Debug|Any CPU.ActiveCfg = Debug|Any CPU
		{D6F7F782-FB4B-4B8D-8BDD-444972F71006}.Debug|Any CPU.Build.0 = Debug|Any CPU
		{D6F7F782-FB4B-4B8D-8BDD-444972F71006}.Release|Any CPU.ActiveCfg = Release|Any CPU
		{D6F7F782-FB4B-4B8D-8BDD-444972F71006}.Release|Any CPU.Build.0 = Release|Any CPU
	EndGlobalSection
	GlobalSection(SolutionProperties) = preSolution
		HideSolutionNode = FALSE
	EndGlobalSection
	GlobalSection(ExtensibilityGlobals) = postSolution
		SolutionGuid = {C5380748-16DD-408B-ABCC-34412D578A74}
	EndGlobalSection
EndGlobal
